# THIS IS AN AUTOGENERATED FILE. DO NOT EDIT THIS FILE DIRECTLY.
# yarn lockfile v1


clamp@^1.0.1:
  version "1.0.1"
  resolved "https://registry.npm.taobao.org/clamp/download/clamp-1.0.1.tgz#66a0e64011816e37196828fdc8c8c147312c8634"
  integrity sha1-ZqDmQBGBbjcZaCj9yMjBRzEshjQ=

easing@^1.2.1:
  version "1.2.1"
  resolved "https://registry.npm.taobao.org/easing/download/easing-1.2.1.tgz#f68a1146853b57a9eda7cfdde32cd7d8a5adc813"
  integrity sha1-9ooRRoU7V6ntp8/d4yzX2KWtyBM=

jquery@^3.5.1:
  version "3.5.1"
  resolved "https://registry.npm.taobao.org/jquery/download/jquery-3.5.1.tgz#d7b4d08e1bfdb86ad2f1a3d039ea17304717abb5"
  integrity sha1-17TQjhv9uGrS8aPQOeoXMEcXq7U=
